
Microsoft Visual Studio Solution File, Format Version 12.00
Project("{FAE04EC0-301F-11D3-BF4B-00C04F79EFBC}") = "AskingKitten.Entities", "src\AskingKitten.Entities\AskingKitten.Entities.csproj", "{E63F9F1C-91B4-4EAD-8B78-74D920BFD38C}"
EndProject
Project("{2150E333-8FDC-42A3-9474-1A3956D46DE8}") = "src", "src", "{5D1B9DBC-7FF9-43BA-B142-44262F4898D4}"
EndProject
Project("{FAE04EC0-301F-11D3-BF4B-00C04F79EFBC}") = "AskingKitten.Web", "src\AskingKitten.Web\AskingKitten.Web.csproj", "{F0BB4208-2F43-4B00-9F6B-8397B56EC681}"
EndProject
Project("{FAE04EC0-301F-11D3-BF4B-00C04F79EFBC}") = "AskingKitten.Presenters", "src\AskingKitten.Presenters\AskingKitten.Presenters.csproj", "{358E14F7-AED1-4F27-906E-F7DA9F92D295}"
EndProject
Project("{2150E333-8FDC-42A3-9474-1A3956D46DE8}") = "Solution Items", "Solution Items", "{266DC056-FDD6-493F-B0F2-0DDE82108D0D}"
	ProjectSection(SolutionItems) = preProject
		.editorconfig = .editorconfig
		Directory.Build.Props = Directory.Build.Props
	EndProjectSection
EndProject
Project("{FAE04EC0-301F-11D3-BF4B-00C04F79EFBC}") = "AskingKitten.Contracts", "src\AskingKitten.Contracts\AskingKitten.Contracts.csproj", "{6DA53F2E-1282-4F08-9F3B-6608EA1E2F01}"
EndProject
Project("{FAE04EC0-301F-11D3-BF4B-00C04F79EFBC}") = "AskingKitten.Application", "src\AskingKitten.Application\AskingKitten.Application.csproj", "{5A6E729F-1B65-4B6F-92FC-907FA7C3C831}"
EndProject
Global
	GlobalSection(SolutionConfigurationPlatforms) = preSolution
		Debug|Any CPU = Debug|Any CPU
		Release|Any CPU = Release|Any CPU
	EndGlobalSection
	GlobalSection(ProjectConfigurationPlatforms) = postSolution
		{E63F9F1C-91B4-4EAD-8B78-74D920BFD38C}.Debug|Any CPU.ActiveCfg = Debug|Any CPU
		{E63F9F1C-91B4-4EAD-8B78-74D920BFD38C}.Debug|Any CPU.Build.0 = Debug|Any CPU
		{E63F9F1C-91B4-4EAD-8B78-74D920BFD38C}.Release|Any CPU.ActiveCfg = Release|Any CPU
		{E63F9F1C-91B4-4EAD-8B78-74D920BFD38C}.Release|Any CPU.Build.0 = Release|Any CPU
		{F0BB4208-2F43-4B00-9F6B-8397B56EC681}.Debug|Any CPU.ActiveCfg = Debug|Any CPU
		{F0BB4208-2F43-4B00-9F6B-8397B56EC681}.Debug|Any CPU.Build.0 = Debug|Any CPU
		{F0BB4208-2F43-4B00-9F6B-8397B56EC681}.Release|Any CPU.ActiveCfg = Release|Any CPU
		{F0BB4208-2F43-4B00-9F6B-8397B56EC681}.Release|Any CPU.Build.0 = Release|Any CPU
		{358E14F7-AED1-4F27-906E-F7DA9F92D295}.Debug|Any CPU.ActiveCfg = Debug|Any CPU
		{358E14F7-AED1-4F27-906E-F7DA9F92D295}.Debug|Any CPU.Build.0 = Debug|Any CPU
		{358E14F7-AED1-4F27-906E-F7DA9F92D295}.Release|Any CPU.ActiveCfg = Release|Any CPU
		{358E14F7-AED1-4F27-906E-F7DA9F92D295}.Release|Any CPU.Build.0 = Release|Any CPU
		{6DA53F2E-1282-4F08-9F3B-6608EA1E2F01}.Debug|Any CPU.ActiveCfg = Debug|Any CPU
		{6DA53F2E-1282-4F08-9F3B-6608EA1E2F01}.Debug|Any CPU.Build.0 = Debug|Any CPU
		{6DA53F2E-1282-4F08-9F3B-6608EA1E2F01}.Release|Any CPU.ActiveCfg = Release|Any CPU
		{6DA53F2E-1282-4F08-9F3B-6608EA1E2F01}.Release|Any CPU.Build.0 = Release|Any CPU
		{5A6E729F-1B65-4B6F-92FC-907FA7C3C831}.Debug|Any CPU.ActiveCfg = Debug|Any CPU
		{5A6E729F-1B65-4B6F-92FC-907FA7C3C831}.Debug|Any CPU.Build.0 = Debug|Any CPU
		{5A6E729F-1B65-4B6F-92FC-907FA7C3C831}.Release|Any CPU.ActiveCfg = Release|Any CPU
		{5A6E729F-1B65-4B6F-92FC-907FA7C3C831}.Release|Any CPU.Build.0 = Release|Any CPU
	EndGlobalSection
	GlobalSection(NestedProjects) = preSolution
		{E63F9F1C-91B4-4EAD-8B78-74D920BFD38C} = {5D1B9DBC-7FF9-43BA-B142-44262F4898D4}
		{F0BB4208-2F43-4B00-9F6B-8397B56EC681} = {5D1B9DBC-7FF9-43BA-B142-44262F4898D4}
		{358E14F7-AED1-4F27-906E-F7DA9F92D295} = {5D1B9DBC-7FF9-43BA-B142-44262F4898D4}
		{266DC056-FDD6-493F-B0F2-0DDE82108D0D} = {5D1B9DBC-7FF9-43BA-B142-44262F4898D4}
		{6DA53F2E-1282-4F08-9F3B-6608EA1E2F01} = {5D1B9DBC-7FF9-43BA-B142-44262F4898D4}
		{5A6E729F-1B65-4B6F-92FC-907FA7C3C831} = {5D1B9DBC-7FF9-43BA-B142-44262F4898D4}
	EndGlobalSection
EndGlobal
